{
  "nodes": {
    "catppuccin": {
      "inputs": {
        "nixpkgs": "nixpkgs"
      },
      "locked": {
        "lastModified": 1751463132,
        "narHash": "sha256-eKbIZwTsl+Rbkj4coSZETlcTbmVbegN1nCKJ7059p88=",
        "owner": "catppuccin",
        "repo": "nix",
        "rev": "a682f7033678ea093c42c5e361975af5988aa3de",
        "type": "github"
      },
      "original": {
        "owner": "catppuccin",
        "repo": "nix",
        "type": "github"
      }
    },
    "darwin": {
      "inputs": {
        "nixpkgs": "nixpkgs_2"
      },
      "locked": {
        "lastModified": 1751313918,
        "narHash": "sha256-HsJM3XLa43WpG+665aGEh8iS8AfEwOIQWk3Mke3e7nk=",
        "owner": "LnL7",
        "repo": "nix-darwin",
        "rev": "e04a388232d9a6ba56967ce5b53a8a6f713cdfcf",
        "type": "github"
      },
      "original": {
        "owner": "LnL7",
        "repo": "nix-darwin",
        "type": "github"
      }
    },
    "flake-compat": {
      "flake": false,
      "locked": {
        "lastModified": 1747046372,
        "narHash": "sha256-CIVLLkVgvHYbgI2UpXvIIBJ12HWgX+fjA8Xf8PUmqCY=",
        "owner": "edolstra",
        "repo": "flake-compat",
        "rev": "9100a0f413b0c601e0533d1d94ffd501ce2e7885",
        "type": "github"
      },
      "original": {
        "owner": "edolstra",
        "repo": "flake-compat",
        "type": "github"
      }
    },
    "flake-compat_2": {
      "flake": false,
      "locked": {
        "lastModified": 1747046372,
        "narHash": "sha256-CIVLLkVgvHYbgI2UpXvIIBJ12HWgX+fjA8Xf8PUmqCY=",
        "owner": "edolstra",
        "repo": "flake-compat",
        "rev": "9100a0f413b0c601e0533d1d94ffd501ce2e7885",
        "type": "github"
      },
      "original": {
        "owner": "edolstra",
        "repo": "flake-compat",
        "type": "github"
      }
    },
    "flake-utils": {
      "inputs": {
        "systems": "systems"
      },
      "locked": {
        "lastModified": 1731533236,
        "narHash": "sha256-l0KFg5HjrsfsO/JpG+r7fRrqm12kzFHyUHqHCVpMMbI=",
        "owner": "numtide",
        "repo": "flake-utils",
        "rev": "11707dc2f618dd54ca8739b309ec4fc024de578b",
        "type": "github"
      },
      "original": {
        "owner": "numtide",
        "repo": "flake-utils",
        "type": "github"
      }
    },
    "ghostty": {
      "inputs": {
        "flake-compat": "flake-compat",
        "flake-utils": "flake-utils",
        "nixpkgs": "nixpkgs_3",
        "zig": "zig",
        "zon2nix": "zon2nix"
      },
      "locked": {
        "lastModified": 1751498497,
        "narHash": "sha256-E+ydBpacm2U7t/vImhdrZumbDTcKhI1h4OPZewl7XRw=",
        "owner": "ghostty-org",
        "repo": "ghostty",
        "rev": "f1f9d5eb4b1f027aff4c7a4ed52911a0903a7e64",
        "type": "github"
      },
      "original": {
        "owner": "ghostty-org",
        "repo": "ghostty",
        "type": "github"
      }
    },
    "home-manager": {
      "inputs": {
        "nixpkgs": "nixpkgs_4"
      },
      "locked": {
        "lastModified": 1751513147,
        "narHash": "sha256-idSXM3Y0KNf/WDDqGfthiOSQMwZYwis1JZhTkdWrr6A=",
        "owner": "nix-community",
        "repo": "home-manager",
        "rev": "426b405d979d893832549b95f23c13537c65d244",
        "type": "github"
      },
      "original": {
        "owner": "nix-community",
        "repo": "home-manager",
        "type": "github"
      }
    },
    "hyprland-qt-support": {
      "inputs": {
        "hyprlang": [
          "hyprland-qtutils",
          "hyprlang"
        ],
        "nixpkgs": [
          "hyprland-qtutils",
          "nixpkgs"
        ],
        "systems": [
          "hyprland-qtutils",
          "systems"
        ]
      },
      "locked": {
        "lastModified": 1749154592,
        "narHash": "sha256-DO7z5CeT/ddSGDEnK9mAXm1qlGL47L3VAHLlLXoCjhE=",
        "owner": "hyprwm",
        "repo": "hyprland-qt-support",
        "rev": "4c8053c3c888138a30c3a6c45c2e45f5484f2074",
        "type": "github"
      },
      "original": {
        "owner": "hyprwm",
        "repo": "hyprland-qt-support",
        "type": "github"
      }
    },
    "hyprland-qtutils": {
      "inputs": {
        "hyprland-qt-support": "hyprland-qt-support",
        "hyprlang": "hyprlang",
        "hyprutils": [
          "hyprland-qtutils",
          "hyprlang",
          "hyprutils"
        ],
        "nixpkgs": [
          "nixpkgs-unstable"
        ],
        "systems": "systems_2"
      },
      "locked": {
        "lastModified": 1750371812,
        "narHash": "sha256-D868K1dVEACw17elVxRgXC6hOxY+54wIEjURztDWLk8=",
        "owner": "hyprwm",
        "repo": "hyprland-qtutils",
        "rev": "b13c7481e37856f322177010bdf75fccacd1adc8",
        "type": "github"
      },
      "original": {
        "owner": "hyprwm",
        "repo": "hyprland-qtutils",
        "type": "github"
      }
    },
    "hyprlang": {
      "inputs": {
        "hyprutils": "hyprutils",
        "nixpkgs": [
          "hyprland-qtutils",
          "nixpkgs"
        ],
        "systems": [
          "hyprland-qtutils",
          "systems"
        ]
      },
      "locked": {
        "lastModified": 1749145882,
        "narHash": "sha256-qr0KXeczF8Sma3Ae7+dR2NHhvG7YeLBJv19W4oMu6ZE=",
        "owner": "hyprwm",
        "repo": "hyprlang",
        "rev": "1bfb84f54d50c7ae6558c794d3cfd5f6a7e6e676",
        "type": "github"
      },
      "original": {
        "owner": "hyprwm",
        "repo": "hyprlang",
        "type": "github"
      }
    },
    "hyprutils": {
      "inputs": {
        "nixpkgs": [
          "hyprland-qtutils",
          "hyprlang",
          "nixpkgs"
        ],
        "systems": [
          "hyprland-qtutils",
          "hyprlang",
          "systems"
        ]
      },
      "locked": {
        "lastModified": 1749135356,
        "narHash": "sha256-Q8mAKMDsFbCEuq7zoSlcTuxgbIBVhfIYpX0RjE32PS0=",
        "owner": "hyprwm",
        "repo": "hyprutils",
        "rev": "e36db00dfb3a3d3fdcc4069cb292ff60d2699ccb",
        "type": "github"
      },
      "original": {
        "owner": "hyprwm",
        "repo": "hyprutils",
        "type": "github"
      }
    },
    "nixos-hardware": {
      "locked": {
        "lastModified": 1751432711,
        "narHash": "sha256-136MeWtckSHTN9Z2WRNRdZ8oRP3vyx3L8UxeBYE+J9w=",
        "owner": "NixOS",
        "repo": "nixos-hardware",
        "rev": "497ae1357f1ac97f1aea31a4cb74ad0d534ef41f",
        "type": "github"
      },
      "original": {
        "owner": "NixOS",
        "ref": "master",
        "repo": "nixos-hardware",
        "type": "github"
      }
    },
    "nixos-wsl": {
      "inputs": {
        "flake-compat": "flake-compat_2",
        "nixpkgs": [
          "nixpkgs-unstable"
        ]
      },
      "locked": {
        "lastModified": 1749574455,
        "narHash": "sha256-fm2/8KPOYvvIAnNVtjDlTt/My00lIbZQ+LMrfQIWVzs=",
        "owner": "nix-community",
        "repo": "NixOS-WSL",
        "rev": "917af390377c573932d84b5e31dd9f2c1b5c0f09",
        "type": "github"
      },
      "original": {
        "owner": "nix-community",
        "ref": "main",
        "repo": "NixOS-WSL",
        "type": "github"
      }
    },
    "nixpkgs": {
      "locked": {
        "lastModified": 1750776420,
        "narHash": "sha256-/CG+w0o0oJ5itVklOoLbdn2dGB0wbZVOoDm4np6w09A=",
        "owner": "NixOS",
        "repo": "nixpkgs",
        "rev": "30a61f056ac492e3b7cdcb69c1e6abdcf00e39cf",
        "type": "github"
      },
      "original": {
        "owner": "NixOS",
        "ref": "nixos-unstable",
        "repo": "nixpkgs",
        "type": "github"
      }
    },
    "nixpkgs-unstable": {
      "locked": {
        "lastModified": 1751526761,
        "narHash": "sha256-4ClwYFFwknyW6tWLjVtdTfGNf5FZ5hZbD+6l8P4gt9E=",
        "owner": "NixOS",
        "repo": "nixpkgs",
        "rev": "a76485de09be3a82ccd23e5193adaa92192b2fe3",
        "type": "github"
      },
      "original": {
        "owner": "NixOS",
        "ref": "master",
        "repo": "nixpkgs",
        "type": "github"
      }
    },
    "nixpkgs_2": {
      "locked": {
        "lastModified": 1747728033,
        "narHash": "sha256-NnXFQu7g4LnvPIPfJmBuZF7LFy/fey2g2+LCzjQhTUk=",
        "owner": "NixOS",
        "repo": "nixpkgs",
        "rev": "2f9173bde1d3fbf1ad26ff6d52f952f9e9da52ea",
        "type": "github"
      },
      "original": {
        "owner": "NixOS",
        "ref": "nixpkgs-unstable",
        "repo": "nixpkgs",
        "type": "github"
      }
    },
    "nixpkgs_3": {
      "locked": {
        "lastModified": 1748189127,
        "narHash": "sha256-zRDR+EbbeObu4V2X5QCd2Bk5eltfDlCr5yvhBwUT6pY=",
        "rev": "7c43f080a7f28b2774f3b3f43234ca11661bf334",
        "type": "tarball",
        "url": "https://releases.nixos.org/nixos/25.05/nixos-25.05.802491.7c43f080a7f2/nixexprs.tar.xz"
      },
      "original": {
        "type": "tarball",
        "url": "https://channels.nixos.org/nixos-25.05/nixexprs.tar.xz"
      }
    },
    "nixpkgs_4": {
      "locked": {
        "lastModified": 1751271578,
        "narHash": "sha256-P/SQmKDu06x8yv7i0s8bvnnuJYkxVGBWLWHaU+tt4YY=",
        "owner": "NixOS",
        "repo": "nixpkgs",
        "rev": "3016b4b15d13f3089db8a41ef937b13a9e33a8df",
        "type": "github"
      },
      "original": {
        "owner": "NixOS",
        "ref": "nixos-unstable",
        "repo": "nixpkgs",
        "type": "github"
      }
    },
    "nixpkgs_5": {
      "locked": {
        "lastModified": 1751271578,
        "narHash": "sha256-P/SQmKDu06x8yv7i0s8bvnnuJYkxVGBWLWHaU+tt4YY=",
        "owner": "NixOS",
        "repo": "nixpkgs",
        "rev": "3016b4b15d13f3089db8a41ef937b13a9e33a8df",
        "type": "github"
      },
      "original": {
        "owner": "NixOS",
        "ref": "nixos-unstable",
        "repo": "nixpkgs",
        "type": "github"
      }
    },
    "root": {
      "inputs": {
        "catppuccin": "catppuccin",
        "darwin": "darwin",
        "ghostty": "ghostty",
        "home-manager": "home-manager",
        "hyprland-qtutils": "hyprland-qtutils",
        "nixos-hardware": "nixos-hardware",
        "nixos-wsl": "nixos-wsl",
        "nixpkgs": "nixpkgs_5",
        "nixpkgs-unstable": "nixpkgs-unstable",
        "zen-browser": "zen-browser"
      }
    },
    "systems": {
      "locked": {
        "lastModified": 1681028828,
        "narHash": "sha256-Vy1rq5AaRuLzOxct8nz4T6wlgyUR7zLU309k9mBC768=",
        "owner": "nix-systems",
        "repo": "default",
        "rev": "da67096a3b9bf56a91d16901293e51ba5b49a27e",
        "type": "github"
      },
      "original": {
        "owner": "nix-systems",
        "repo": "default",
        "type": "github"
      }
    },
    "systems_2": {
      "locked": {
        "lastModified": 1689347949,
        "narHash": "sha256-12tWmuL2zgBgZkdoB6qXZsgJEH9LR3oUgpaQq2RbI80=",
        "owner": "nix-systems",
        "repo": "default-linux",
        "rev": "31732fcf5e8fea42e59c2488ad31a0e651500f68",
        "type": "github"
      },
      "original": {
        "owner": "nix-systems",
        "repo": "default-linux",
        "type": "github"
      }
    },
    "zen-browser": {
      "inputs": {
        "nixpkgs": [
          "nixpkgs"
        ]
      },
      "locked": {
        "lastModified": 1751515999,
        "narHash": "sha256-UtRPrxX+QW3o78d1HhzXqQAIoVP6qLElLA2IO6/99/w=",
        "owner": "youwen5",
        "repo": "zen-browser-flake",
        "rev": "49afeb199b023f65429879b7bfd7b34ac7aaf351",
        "type": "github"
      },
      "original": {
        "owner": "youwen5",
        "repo": "zen-browser-flake",
        "type": "github"
      }
    },
    "zig": {
      "inputs": {
        "flake-compat": [
          "ghostty"
        ],
        "flake-utils": [
          "ghostty",
          "flake-utils"
        ],
        "nixpkgs": [
          "ghostty",
          "nixpkgs"
        ]
      },
      "locked": {
        "lastModified": 1748261582,
        "narHash": "sha256-3i0IL3s18hdDlbsf0/E+5kyPRkZwGPbSFngq5eToiAA=",
        "owner": "mitchellh",
        "repo": "zig-overlay",
        "rev": "aafb1b093fb838f7a02613b719e85ec912914221",
        "type": "github"
      },
      "original": {
        "owner": "mitchellh",
        "repo": "zig-overlay",
        "type": "github"
      }
    },
    "zon2nix": {
      "inputs": {
        "flake-utils": [
          "ghostty",
          "flake-utils"
        ],
        "nixpkgs": [
          "ghostty",
          "nixpkgs"
        ]
      },
      "locked": {
        "lastModified": 1742104771,
        "narHash": "sha256-LhidlyEA9MP8jGe1rEnyjGFCzLLgCdDpYeWggibayr0=",
        "owner": "jcollie",
        "repo": "zon2nix",
        "rev": "56c159be489cc6c0e73c3930bd908ddc6fe89613",
        "type": "github"
      },
      "original": {
        "owner": "jcollie",
        "ref": "56c159be489cc6c0e73c3930bd908ddc6fe89613",
        "repo": "zon2nix",
        "type": "github"
      }
    }
  },
  "root": "root",
  "version": 7
}
